
Microsoft Visual Studio Solution File, Format Version 12.00
# Visual Studio Version 17
VisualStudioVersion = 17.9.34723.18
MinimumVisualStudioVersion = 10.0.40219.1
Project("{FAE04EC0-301F-11D3-BF4B-00C04F79EFBC}") = "OmNamahShivaya", "OmNamahShivaya\OmNamahShivaya.csproj", "{C38ABBD7-6FA7-4429-935E-259F34BFCC96}"
EndProject
Global
	GlobalSection(SolutionConfigurationPlatforms) = preSolution
		Debug|Any CPU = Debug|Any CPU
		Release|Any CPU = Release|Any CPU
	EndGlobalSection
	GlobalSection(ProjectConfigurationPlatforms) = postSolution
		{C38ABBD7-6FA7-4429-935E-259F34BFCC96}.Debug|Any CPU.ActiveCfg = Debug|Any CPU
		{C38ABBD7-6FA7-4429-935E-259F34BFCC96}.Debug|Any CPU.Build.0 = Debug|Any CPU
		{C38ABBD7-6FA7-4429-935E-259F34BFCC96}.Release|Any CPU.ActiveCfg = Release|Any CPU
		{C38ABBD7-6FA7-4429-935E-259F34BFCC96}.Release|Any CPU.Build.0 = Release|Any CPU
	EndGlobalSection
	GlobalSection(SolutionProperties) = preSolution
		HideSolutionNode = FALSE
	EndGlobalSection
	GlobalSection(ExtensibilityGlobals) = postSolution
		SolutionGuid = {4FF4139F-47E7-4817-BE44-6C667AF8829F}
	EndGlobalSection
EndGlobal
